
Microsoft Visual Studio Solution File, Format Version 12.00
# Visual Studio Version 17
VisualStudioVersion = 17.3.32929.385
MinimumVisualStudioVersion = 10.0.40219.1
Project("{FAE04EC0-301F-11D3-BF4B-00C04F79EFBC}") = "Interview", "Interview.csproj", "{9F98107E-0012-4DCE-A87E-C3E3E7E56206}"
EndProject
Global
	GlobalSection(SolutionConfigurationPlatforms) = preSolution
		Debug|Any CPU = Debug|Any CPU
		Release|Any CPU = Release|Any CPU
	EndGlobalSection
	GlobalSection(ProjectConfigurationPlatforms) = postSolution
		{9F98107E-0012-4DCE-A87E-C3E3E7E56206}.Debug|Any CPU.ActiveCfg = Debug|Any CPU
		{9F98107E-0012-4DCE-A87E-C3E3E7E56206}.Debug|Any CPU.Build.0 = Debug|Any CPU
		{9F98107E-0012-4DCE-A87E-C3E3E7E56206}.Release|Any CPU.ActiveCfg = Release|Any CPU
		{9F98107E-0012-4DCE-A87E-C3E3E7E56206}.Release|Any CPU.Build.0 = Release|Any CPU
	EndGlobalSection
	GlobalSection(SolutionProperties) = preSolution
		HideSolutionNode = FALSE
	EndGlobalSection
	GlobalSection(ExtensibilityGlobals) = postSolution
		SolutionGuid = {314EBA8E-5492-4967-B830-7AB5FC694592}
	EndGlobalSection
EndGlobal
